
Microsoft Visual Studio Solution File, Format Version 12.00
# Visual Studio Version 17
VisualStudioVersion = 17.5.002.0
MinimumVisualStudioVersion = 10.0.40219.1
Project("{9A19103F-16F7-4668-BE54-9A1E7A4F7556}") = "nameIdDictionary", "nameIdDictionary.csproj", "{64C0851A-5E2E-4C64-855E-21A2F8CB1A07}"
EndProject
Global
	GlobalSection(SolutionConfigurationPlatforms) = preSolution
		Debug|Any CPU = Debug|Any CPU
		Release|Any CPU = Release|Any CPU
	EndGlobalSection
	GlobalSection(ProjectConfigurationPlatforms) = postSolution
		{64C0851A-5E2E-4C64-855E-21A2F8CB1A07}.Debug|Any CPU.ActiveCfg = Debug|Any CPU
		{64C0851A-5E2E-4C64-855E-21A2F8CB1A07}.Debug|Any CPU.Build.0 = Debug|Any CPU
		{64C0851A-5E2E-4C64-855E-21A2F8CB1A07}.Release|Any CPU.ActiveCfg = Release|Any CPU
		{64C0851A-5E2E-4C64-855E-21A2F8CB1A07}.Release|Any CPU.Build.0 = Release|Any CPU
	EndGlobalSection
	GlobalSection(SolutionProperties) = preSolution
		HideSolutionNode = FALSE
	EndGlobalSection
	GlobalSection(ExtensibilityGlobals) = postSolution
		SolutionGuid = {B36B8261-3CDA-4D55-A091-8AAC40B10178}
	EndGlobalSection
EndGlobal
